
Microsoft Visual Studio Solution File, Format Version 12.00
# Visual Studio Version 17
VisualStudioVersion = 17.0.31919.166
MinimumVisualStudioVersion = 10.0.40219.1
Project("{9A19103F-16F7-4668-BE54-9A1E7A4F7556}") = "DecentIOT.RabbitMQ.Testing", "DecentIOT.RabbitMQ.Testing\DecentIOT.RabbitMQ.Testing.csproj", "{5CFE5A38-C757-4110-9B22-75E35DFE444D}"
EndProject
Project("{2150E333-8FDC-42A3-9474-1A3956D46DE8}") = "Testing", "Testing", "{75ABB7EB-CD34-41F3-9427-6FAD51311ADE}"
	ProjectSection(SolutionItems) = preProject
		..\Docker Composes\docker-compose.yaml = ..\Docker Composes\docker-compose.yaml
	EndProjectSection
EndProject
Project("{9A19103F-16F7-4668-BE54-9A1E7A4F7556}") = "DecentIOT.RabbitMQ.Client", "DecentIOT.RabbitMQ.Client\DecentIOT.RabbitMQ.Client.csproj", "{BCB94D3C-6269-434C-8EE8-8DEFA2CFB4FA}"
EndProject
Global
	GlobalSection(SolutionConfigurationPlatforms) = preSolution
		Debug|Any CPU = Debug|Any CPU
		Release|Any CPU = Release|Any CPU
	EndGlobalSection
	GlobalSection(ProjectConfigurationPlatforms) = postSolution
		{5CFE5A38-C757-4110-9B22-75E35DFE444D}.Debug|Any CPU.ActiveCfg = Debug|Any CPU
		{5CFE5A38-C757-4110-9B22-75E35DFE444D}.Debug|Any CPU.Build.0 = Debug|Any CPU
		{5CFE5A38-C757-4110-9B22-75E35DFE444D}.Release|Any CPU.ActiveCfg = Release|Any CPU
		{5CFE5A38-C757-4110-9B22-75E35DFE444D}.Release|Any CPU.Build.0 = Release|Any CPU
		{BCB94D3C-6269-434C-8EE8-8DEFA2CFB4FA}.Debug|Any CPU.ActiveCfg = Debug|Any CPU
		{BCB94D3C-6269-434C-8EE8-8DEFA2CFB4FA}.Debug|Any CPU.Build.0 = Debug|Any CPU
		{BCB94D3C-6269-434C-8EE8-8DEFA2CFB4FA}.Release|Any CPU.ActiveCfg = Release|Any CPU
		{BCB94D3C-6269-434C-8EE8-8DEFA2CFB4FA}.Release|Any CPU.Build.0 = Release|Any CPU
	EndGlobalSection
	GlobalSection(SolutionProperties) = preSolution
		HideSolutionNode = FALSE
	EndGlobalSection
	GlobalSection(NestedProjects) = preSolution
		{5CFE5A38-C757-4110-9B22-75E35DFE444D} = {75ABB7EB-CD34-41F3-9427-6FAD51311ADE}
	EndGlobalSection
	GlobalSection(ExtensibilityGlobals) = postSolution
		SolutionGuid = {69FC2A2A-B81A-4E22-A5A4-7EEB9FD9F0AE}
	EndGlobalSection
EndGlobal
